
Microsoft Visual Studio Solution File, Format Version 12.00
# Visual Studio Version 16
VisualStudioVersion = 16.0.31424.327
MinimumVisualStudioVersion = 10.0.40219.1
Project("{9A19103F-16F7-4668-BE54-9A1E7A4F7556}") = "UniversalDataStore", "UniversalDataStore\UniversalDataStore.csproj", "{B575E6BF-C390-4147-BC91-BD5E7EC4FECD}"
EndProject
Project("{FAE04EC0-301F-11D3-BF4B-00C04F79EFBC}") = "UniversalDataStore.Tests", "UniversalDataStore.Tests\UniversalDataStore.Tests.csproj", "{1A711D1D-CD2E-48AB-9B0E-9BDD74EFFC29}"
EndProject
Global
	GlobalSection(SolutionConfigurationPlatforms) = preSolution
		Debug|Any CPU = Debug|Any CPU
		Release|Any CPU = Release|Any CPU
	EndGlobalSection
	GlobalSection(ProjectConfigurationPlatforms) = postSolution
		{B575E6BF-C390-4147-BC91-BD5E7EC4FECD}.Debug|Any CPU.ActiveCfg = Debug|Any CPU
		{B575E6BF-C390-4147-BC91-BD5E7EC4FECD}.Debug|Any CPU.Build.0 = Debug|Any CPU
		{B575E6BF-C390-4147-BC91-BD5E7EC4FECD}.Release|Any CPU.ActiveCfg = Release|Any CPU
		{B575E6BF-C390-4147-BC91-BD5E7EC4FECD}.Release|Any CPU.Build.0 = Release|Any CPU
		{1A711D1D-CD2E-48AB-9B0E-9BDD74EFFC29}.Debug|Any CPU.ActiveCfg = Debug|Any CPU
		{1A711D1D-CD2E-48AB-9B0E-9BDD74EFFC29}.Debug|Any CPU.Build.0 = Debug|Any CPU
		{1A711D1D-CD2E-48AB-9B0E-9BDD74EFFC29}.Release|Any CPU.ActiveCfg = Release|Any CPU
		{1A711D1D-CD2E-48AB-9B0E-9BDD74EFFC29}.Release|Any CPU.Build.0 = Release|Any CPU
	EndGlobalSection
	GlobalSection(SolutionProperties) = preSolution
		HideSolutionNode = FALSE
	EndGlobalSection
	GlobalSection(ExtensibilityGlobals) = postSolution
		SolutionGuid = {4EC2B1BE-1FAC-47FA-86B4-888E0AA21381}
	EndGlobalSection
EndGlobal
